
Microsoft Visual Studio Solution File, Format Version 12.00
# Visual Studio Express 2013 for Web
VisualStudioVersion = 12.0.30723.0
MinimumVisualStudioVersion = 10.0.40219.1
Project("{FAE04EC0-301F-11D3-BF4B-00C04F79EFBC}") = "GGFotos.Dominio", "GGFotos.Dominio\GGFotos.Dominio.csproj", "{88033DB0-AF57-48B6-AF7D-9B8A88FD0FEB}"
EndProject
Project("{FAE04EC0-301F-11D3-BF4B-00C04F79EFBC}") = "GGFotos.Web", "GGFotos.Web\GGFotos.Web.csproj", "{6876C6E0-EDAC-4F64-B746-57606C16B3E1}"
EndProject
Project("{FAE04EC0-301F-11D3-BF4B-00C04F79EFBC}") = "GGFotos.UnitTest", "GGFotos.UnitTest\GGFotos.UnitTest.csproj", "{AFEAB7C0-F435-4928-8B3E-80736209EE52}"
EndProject
Global
	GlobalSection(SolutionConfigurationPlatforms) = preSolution
		Debug|Any CPU = Debug|Any CPU
		Release|Any CPU = Release|Any CPU
	EndGlobalSection
	GlobalSection(ProjectConfigurationPlatforms) = postSolution
		{88033DB0-AF57-48B6-AF7D-9B8A88FD0FEB}.Debug|Any CPU.ActiveCfg = Debug|Any CPU
		{88033DB0-AF57-48B6-AF7D-9B8A88FD0FEB}.Debug|Any CPU.Build.0 = Debug|Any CPU
		{88033DB0-AF57-48B6-AF7D-9B8A88FD0FEB}.Release|Any CPU.ActiveCfg = Release|Any CPU
		{88033DB0-AF57-48B6-AF7D-9B8A88FD0FEB}.Release|Any CPU.Build.0 = Release|Any CPU
		{6876C6E0-EDAC-4F64-B746-57606C16B3E1}.Debug|Any CPU.ActiveCfg = Debug|Any CPU
		{6876C6E0-EDAC-4F64-B746-57606C16B3E1}.Debug|Any CPU.Build.0 = Debug|Any CPU
		{6876C6E0-EDAC-4F64-B746-57606C16B3E1}.Release|Any CPU.ActiveCfg = Release|Any CPU
		{6876C6E0-EDAC-4F64-B746-57606C16B3E1}.Release|Any CPU.Build.0 = Release|Any CPU
		{AFEAB7C0-F435-4928-8B3E-80736209EE52}.Debug|Any CPU.ActiveCfg = Debug|Any CPU
		{AFEAB7C0-F435-4928-8B3E-80736209EE52}.Debug|Any CPU.Build.0 = Debug|Any CPU
		{AFEAB7C0-F435-4928-8B3E-80736209EE52}.Release|Any CPU.ActiveCfg = Release|Any CPU
		{AFEAB7C0-F435-4928-8B3E-80736209EE52}.Release|Any CPU.Build.0 = Release|Any CPU
	EndGlobalSection
	GlobalSection(SolutionProperties) = preSolution
		HideSolutionNode = FALSE
	EndGlobalSection
EndGlobal
